
Microsoft Visual Studio Solution File, Format Version 12.00
# Visual Studio Express 15 for Windows Desktop
VisualStudioVersion = 15.0.28307.1927
MinimumVisualStudioVersion = 10.0.40219.1
Project("{FAE04EC0-301F-11D3-BF4B-00C04F79EFBC}") = "ModernToast", "ModernToast\ModernToast.csproj", "{A14E038D-F85D-49A7-B6EA-04EF56D64E86}"
EndProject
Project("{FAE04EC0-301F-11D3-BF4B-00C04F79EFBC}") = "ModernToast.Example", "ModernToast.Example\ModernToast.Example.csproj", "{4D79615B-15E2-4B2E-A03A-81BD7F255EAB}"
EndProject
Global
	GlobalSection(SolutionConfigurationPlatforms) = preSolution
		Debug|Any CPU = Debug|Any CPU
		Release|Any CPU = Release|Any CPU
	EndGlobalSection
	GlobalSection(ProjectConfigurationPlatforms) = postSolution
		{A14E038D-F85D-49A7-B6EA-04EF56D64E86}.Debug|Any CPU.ActiveCfg = Debug|Any CPU
		{A14E038D-F85D-49A7-B6EA-04EF56D64E86}.Debug|Any CPU.Build.0 = Debug|Any CPU
		{A14E038D-F85D-49A7-B6EA-04EF56D64E86}.Release|Any CPU.ActiveCfg = Release|Any CPU
		{A14E038D-F85D-49A7-B6EA-04EF56D64E86}.Release|Any CPU.Build.0 = Release|Any CPU
		{4D79615B-15E2-4B2E-A03A-81BD7F255EAB}.Debug|Any CPU.ActiveCfg = Debug|Any CPU
		{4D79615B-15E2-4B2E-A03A-81BD7F255EAB}.Debug|Any CPU.Build.0 = Debug|Any CPU
		{4D79615B-15E2-4B2E-A03A-81BD7F255EAB}.Release|Any CPU.ActiveCfg = Release|Any CPU
		{4D79615B-15E2-4B2E-A03A-81BD7F255EAB}.Release|Any CPU.Build.0 = Release|Any CPU
	EndGlobalSection
	GlobalSection(SolutionProperties) = preSolution
		HideSolutionNode = FALSE
	EndGlobalSection
	GlobalSection(ExtensibilityGlobals) = postSolution
		SolutionGuid = {874E32AF-1371-417B-9041-6E5C4A6EE94E}
	EndGlobalSection
EndGlobal
